
Microsoft Visual Studio Solution File, Format Version 12.00
# Visual Studio Version 17
VisualStudioVersion = 17.13.36105.23 d17.13
MinimumVisualStudioVersion = 10.0.40219.1
Project("{FAE04EC0-301F-11D3-BF4B-00C04F79EFBC}") = "Subscription.API", "Subscription.API\Subscription.API.csproj", "{810C6DEA-30F4-4FD1-82B7-6019AAF97202}"
EndProject
Project("{2150E333-8FDC-42A3-9474-1A3956D46DE8}") = "Solution Items", "Solution Items", "{8EC462FD-D22E-90A8-E5CE-7E832BA40C5D}"
	ProjectSection(SolutionItems) = preProject
		docker-compose.yml = docker-compose.yml
	EndProjectSection
EndProject
Global
	GlobalSection(SolutionConfigurationPlatforms) = preSolution
		Debug|Any CPU = Debug|Any CPU
		Release|Any CPU = Release|Any CPU
	EndGlobalSection
	GlobalSection(ProjectConfigurationPlatforms) = postSolution
		{810C6DEA-30F4-4FD1-82B7-6019AAF97202}.Debug|Any CPU.ActiveCfg = Debug|Any CPU
		{810C6DEA-30F4-4FD1-82B7-6019AAF97202}.Debug|Any CPU.Build.0 = Debug|Any CPU
		{810C6DEA-30F4-4FD1-82B7-6019AAF97202}.Release|Any CPU.ActiveCfg = Release|Any CPU
		{810C6DEA-30F4-4FD1-82B7-6019AAF97202}.Release|Any CPU.Build.0 = Release|Any CPU
	EndGlobalSection
	GlobalSection(SolutionProperties) = preSolution
		HideSolutionNode = FALSE
	EndGlobalSection
	GlobalSection(ExtensibilityGlobals) = postSolution
		SolutionGuid = {ACBD8359-B58C-4C15-AC0F-8DF8A2EB9EC1}
	EndGlobalSection
EndGlobal
